
Microsoft Visual Studio Solution File, Format Version 12.00
# Visual Studio Version 17
VisualStudioVersion = 17.3.32901.215
MinimumVisualStudioVersion = 10.0.40219.1
Project("{2150E333-8FDC-42A3-9474-1A3956D46DE8}") = "src", "src", "{93AA92D2-31A2-488E-B351-B52F943CECEA}"
EndProject
Project("{2150E333-8FDC-42A3-9474-1A3956D46DE8}") = "Core", "Core", "{0BD94E30-3329-413A-9678-474E6F8F56FF}"
EndProject
Project("{2150E333-8FDC-42A3-9474-1A3956D46DE8}") = "server", "server", "{190554A8-02A0-4CA5-9D28-E36BB44A4BAB}"
EndProject
Project("{9A19103F-16F7-4668-BE54-9A1E7A4F7556}") = "Domain", "Domain\Domain.csproj", "{1AFF2601-9FFC-4E0B-A3DF-47C95AD1201F}"
EndProject
Project("{9A19103F-16F7-4668-BE54-9A1E7A4F7556}") = "Application", "Application\Application.csproj", "{CF54823D-8BD2-4C76-A6C9-0440D5DD3502}"
EndProject
Project("{9A19103F-16F7-4668-BE54-9A1E7A4F7556}") = "Web", "Web1\Web.csproj", "{8124834D-8048-4667-B0CC-A39B8E4868C2}"
EndProject
Global
	GlobalSection(SolutionConfigurationPlatforms) = preSolution
		Debug|Any CPU = Debug|Any CPU
		Release|Any CPU = Release|Any CPU
	EndGlobalSection
	GlobalSection(ProjectConfigurationPlatforms) = postSolution
		{1AFF2601-9FFC-4E0B-A3DF-47C95AD1201F}.Debug|Any CPU.ActiveCfg = Debug|Any CPU
		{1AFF2601-9FFC-4E0B-A3DF-47C95AD1201F}.Debug|Any CPU.Build.0 = Debug|Any CPU
		{1AFF2601-9FFC-4E0B-A3DF-47C95AD1201F}.Release|Any CPU.ActiveCfg = Release|Any CPU
		{1AFF2601-9FFC-4E0B-A3DF-47C95AD1201F}.Release|Any CPU.Build.0 = Release|Any CPU
		{CF54823D-8BD2-4C76-A6C9-0440D5DD3502}.Debug|Any CPU.ActiveCfg = Debug|Any CPU
		{CF54823D-8BD2-4C76-A6C9-0440D5DD3502}.Debug|Any CPU.Build.0 = Debug|Any CPU
		{CF54823D-8BD2-4C76-A6C9-0440D5DD3502}.Release|Any CPU.ActiveCfg = Release|Any CPU
		{CF54823D-8BD2-4C76-A6C9-0440D5DD3502}.Release|Any CPU.Build.0 = Release|Any CPU
		{8124834D-8048-4667-B0CC-A39B8E4868C2}.Debug|Any CPU.ActiveCfg = Debug|Any CPU
		{8124834D-8048-4667-B0CC-A39B8E4868C2}.Debug|Any CPU.Build.0 = Debug|Any CPU
		{8124834D-8048-4667-B0CC-A39B8E4868C2}.Release|Any CPU.ActiveCfg = Release|Any CPU
		{8124834D-8048-4667-B0CC-A39B8E4868C2}.Release|Any CPU.Build.0 = Release|Any CPU
	EndGlobalSection
	GlobalSection(SolutionProperties) = preSolution
		HideSolutionNode = FALSE
	EndGlobalSection
	GlobalSection(NestedProjects) = preSolution
		{0BD94E30-3329-413A-9678-474E6F8F56FF} = {93AA92D2-31A2-488E-B351-B52F943CECEA}
		{1AFF2601-9FFC-4E0B-A3DF-47C95AD1201F} = {0BD94E30-3329-413A-9678-474E6F8F56FF}
		{CF54823D-8BD2-4C76-A6C9-0440D5DD3502} = {0BD94E30-3329-413A-9678-474E6F8F56FF}
		{8124834D-8048-4667-B0CC-A39B8E4868C2} = {93AA92D2-31A2-488E-B351-B52F943CECEA}
	EndGlobalSection
	GlobalSection(ExtensibilityGlobals) = postSolution
		SolutionGuid = {F308DFD2-733B-4CB5-B7B8-9103B3F5DD1A}
	EndGlobalSection
EndGlobal
